<?xml version="1.0" encoding="utf-8"?>
<Project ToolsVersion="4.0" xmlns="http://schemas.microsoft.com/developer/msbuild/2003">
  <ItemGroup>
    <Filter Include="Source Files">
      <UniqueIdentifier>{4FC737F1-C7A5-4376-A066-2A32D752A2FF}</UniqueIdentifier>
      <Extensions>cpp;c;cc;cxx;def;odl;idl;hpj;bat;asm;asmx</Extensions>
    </Filter>
    <Filter Include="Header Files">
      <UniqueIdentifier>{93995380-89BD-4b04-88EB-625FBE52EBFB}</UniqueIdentifier>
      <Extensions>h;hh;hpp;hxx;hm;inl;inc;xsd</Extensions>
    </Filter>
    <Filter Include="Resource Files">
      <UniqueIdentifier>{67DA6AB6-F800-4c08-8B7A-83BB121AAD01}</UniqueIdentifier>
      <Extensions>rc;ico;cur;bmp;dlg;rc2;rct;bin;rgs;gif;jpg;jpeg;jpe;resx;tiff;tif;png;wav</Extensions>
    </Filter>
  </ItemGroup>
  <ItemGroup>
    <ClCompile Include="a1-test.cc">
      <Filter>Source Files</Filter>
    </ClCompile>
    <ClCompile Include="a2-test.cc">
      <Filter>Source Files</Filter>
    </ClCompile>
    <ClCompile Include="a3.cc">
      <Filter>Source Files</Filter>
    </ClCompile>
    <ClCompile Include="a4-1.cc">
      <Filter>Source Files</Filter>
    </ClCompile>
    <ClCompile Include="BigQ.cc">
      <Filter>Source Files</Filter>
    </ClCompile>
    <ClCompile Include="Comparison.cc">
      <Filter>Source Files</Filter>
    </ClCompile>
    <ClCompile Include="ComparisonEngine.cc">
      <Filter>Source Files</Filter>
    </ClCompile>
    <ClCompile Include="DBFile.cc">
      <Filter>Source Files</Filter>
    </ClCompile>
    <ClCompile Include="File.cc">
      <Filter>Source Files</Filter>
    </ClCompile>
    <ClCompile Include="Function.cc">
      <Filter>Source Files</Filter>
    </ClCompile>
    <ClCompile Include="GenericDBFileBaseClass.cc">
      <Filter>Source Files</Filter>
    </ClCompile>
    <ClCompile Include="HeapFile.cc">
      <Filter>Source Files</Filter>
    </ClCompile>
    <ClCompile Include="Pipe.cc">
      <Filter>Source Files</Filter>
    </ClCompile>
    <ClCompile Include="Record.cc">
      <Filter>Source Files</Filter>
    </ClCompile>
    <ClCompile Include="RelOp.cc">
      <Filter>Source Files</Filter>
    </ClCompile>
    <ClCompile Include="Schema.cc">
      <Filter>Source Files</Filter>
    </ClCompile>
    <ClCompile Include="SortedFile.cc">
      <Filter>Source Files</Filter>
    </ClCompile>
    <ClCompile Include="Statistics.cc">
      <Filter>Source Files</Filter>
    </ClCompile>
    <ClCompile Include="TwoWayList.cc">
      <Filter>Source Files</Filter>
    </ClCompile>
    <ClCompile Include="lex.yy.c">
      <Filter>Source Files</Filter>
    </ClCompile>
    <ClCompile Include="lex.yyfunc.c">
      <Filter>Source Files</Filter>
    </ClCompile>
    <ClCompile Include="y.tab.c">
      <Filter>Source Files</Filter>
    </ClCompile>
    <ClCompile Include="yyfunc.tab.c">
      <Filter>Source Files</Filter>
    </ClCompile>
    <ClCompile Include="main.cc">
      <Filter>Source Files</Filter>
    </ClCompile>
  </ItemGroup>
  <ItemGroup>
    <ClInclude Include="a1-test.h">
      <Filter>Header Files</Filter>
    </ClInclude>
    <ClInclude Include="a2-test.h">
      <Filter>Header Files</Filter>
    </ClInclude>
    <ClInclude Include="BigQ.h">
      <Filter>Header Files</Filter>
    </ClInclude>
    <ClInclude Include="Comparison.h">
      <Filter>Header Files</Filter>
    </ClInclude>
    <ClInclude Include="ComparisonEngine.h">
      <Filter>Header Files</Filter>
    </ClInclude>
    <ClInclude Include="DBFile.h">
      <Filter>Header Files</Filter>
    </ClInclude>
    <ClInclude Include="Defs.h">
      <Filter>Header Files</Filter>
    </ClInclude>
    <ClInclude Include="File.h">
      <Filter>Header Files</Filter>
    </ClInclude>
    <ClInclude Include="Function.h">
      <Filter>Header Files</Filter>
    </ClInclude>
    <ClInclude Include="GenericDBFileBaseClass.h">
      <Filter>Header Files</Filter>
    </ClInclude>
    <ClInclude Include="HeapFile.h">
      <Filter>Header Files</Filter>
    </ClInclude>
    <ClInclude Include="ParseFunc.h">
      <Filter>Header Files</Filter>
    </ClInclude>
    <ClInclude Include="ParseTree.h">
      <Filter>Header Files</Filter>
    </ClInclude>
    <ClInclude Include="Pipe.h">
      <Filter>Header Files</Filter>
    </ClInclude>
    <ClInclude Include="Record.h">
      <Filter>Header Files</Filter>
    </ClInclude>
    <ClInclude Include="RelOp.h">
      <Filter>Header Files</Filter>
    </ClInclude>
    <ClInclude Include="Schema.h">
      <Filter>Header Files</Filter>
    </ClInclude>
    <ClInclude Include="SortedFile.h">
      <Filter>Header Files</Filter>
    </ClInclude>
    <ClInclude Include="Statistics.h">
      <Filter>Header Files</Filter>
    </ClInclude>
    <ClInclude Include="TwoWayList.h">
      <Filter>Header Files</Filter>
    </ClInclude>
    <ClInclude Include="y.tab.h">
      <Filter>Header Files</Filter>
    </ClInclude>
    <ClInclude Include="yyfunc.tab.h">
      <Filter>Header Files</Filter>
    </ClInclude>
    <ClInclude Include="SelcFile.h">
      <Filter>Header Files</Filter>
    </ClInclude>
    <ClInclude Include="SelPipe.h">
      <Filter>Header Files</Filter>
    </ClInclude>
    <ClInclude Include="JoinNode.h">
      <Filter>Header Files</Filter>
    </ClInclude>
    <ClInclude Include="GroupBy.h">
      <Filter>Header Files</Filter>
    </ClInclude>
    <ClInclude Include="Sum.h">
      <Filter>Header Files</Filter>
    </ClInclude>
    <ClInclude Include="Dup.h">
      <Filter>Header Files</Filter>
    </ClInclude>
    <ClInclude Include="Proje.h">
      <Filter>Header Files</Filter>
    </ClInclude>
    <ClInclude Include="myUtils.h">
      <Filter>Header Files</Filter>
    </ClInclude>
    <ClInclude Include="RelOpNode.h">
      <Filter>Header Files</Filter>
    </ClInclude>
  </ItemGroup>
  <ItemGroup>
    <None Include="lineitem.bin">
      <Filter>Resource Files</Filter>
    </None>
    <None Include="nation.bin">
      <Filter>Resource Files</Filter>
    </None>
    <None Include="region.bin">
      <Filter>Resource Files</Filter>
    </None>
  </ItemGroup>
</Project>